
Microsoft Visual Studio Solution File, Format Version 12.00
# Visual Studio Version 17
VisualStudioVersion = 17.11.35327.3
MinimumVisualStudioVersion = 10.0.40219.1
Project("{FAE04EC0-301F-11D3-BF4B-00C04F79EFBC}") = "Tic tac toe", "Tic tac toe.csproj", "{A143CDAC-9DC7-441C-95D2-E0C3F0AD6A6C}"
EndProject
Global
	GlobalSection(SolutionConfigurationPlatforms) = preSolution
		Debug|Any CPU = Debug|Any CPU
		Release|Any CPU = Release|Any CPU
	EndGlobalSection
	GlobalSection(ProjectConfigurationPlatforms) = postSolution
		{A143CDAC-9DC7-441C-95D2-E0C3F0AD6A6C}.Debug|Any CPU.ActiveCfg = Debug|Any CPU
		{A143CDAC-9DC7-441C-95D2-E0C3F0AD6A6C}.Debug|Any CPU.Build.0 = Debug|Any CPU
		{A143CDAC-9DC7-441C-95D2-E0C3F0AD6A6C}.Release|Any CPU.ActiveCfg = Release|Any CPU
		{A143CDAC-9DC7-441C-95D2-E0C3F0AD6A6C}.Release|Any CPU.Build.0 = Release|Any CPU
	EndGlobalSection
	GlobalSection(SolutionProperties) = preSolution
		HideSolutionNode = FALSE
	EndGlobalSection
	GlobalSection(ExtensibilityGlobals) = postSolution
		SolutionGuid = {6397D82E-6D86-4529-B3D6-85F35A25B9CF}
	EndGlobalSection
EndGlobal
